
Microsoft Visual Studio Solution File, Format Version 12.00
# Visual Studio Version 17
VisualStudioVersion = 17.1.32210.238
MinimumVisualStudioVersion = 10.0.40219.1
Project("{FAE04EC0-301F-11D3-BF4B-00C04F79EFBC}") = "EmployeePayrollProblem", "EmployeePayrollProblem.csproj", "{DBF37922-3577-4BAA-B47C-FA96CD7FAB81}"
EndProject
Project("{FAE04EC0-301F-11D3-BF4B-00C04F79EFBC}") = "EmployeePayrollTest", "..\EmployeePayrollTest\EmployeePayrollTest.csproj", "{312E5167-F0FA-4E83-8E28-0F2B9D2C7E94}"
EndProject
Global
	GlobalSection(SolutionConfigurationPlatforms) = preSolution
		Debug|Any CPU = Debug|Any CPU
		Release|Any CPU = Release|Any CPU
	EndGlobalSection
	GlobalSection(ProjectConfigurationPlatforms) = postSolution
		{DBF37922-3577-4BAA-B47C-FA96CD7FAB81}.Debug|Any CPU.ActiveCfg = Debug|Any CPU
		{DBF37922-3577-4BAA-B47C-FA96CD7FAB81}.Debug|Any CPU.Build.0 = Debug|Any CPU
		{DBF37922-3577-4BAA-B47C-FA96CD7FAB81}.Release|Any CPU.ActiveCfg = Release|Any CPU
		{DBF37922-3577-4BAA-B47C-FA96CD7FAB81}.Release|Any CPU.Build.0 = Release|Any CPU
		{312E5167-F0FA-4E83-8E28-0F2B9D2C7E94}.Debug|Any CPU.ActiveCfg = Debug|Any CPU
		{312E5167-F0FA-4E83-8E28-0F2B9D2C7E94}.Debug|Any CPU.Build.0 = Debug|Any CPU
		{312E5167-F0FA-4E83-8E28-0F2B9D2C7E94}.Release|Any CPU.ActiveCfg = Release|Any CPU
		{312E5167-F0FA-4E83-8E28-0F2B9D2C7E94}.Release|Any CPU.Build.0 = Release|Any CPU
	EndGlobalSection
	GlobalSection(SolutionProperties) = preSolution
		HideSolutionNode = FALSE
	EndGlobalSection
	GlobalSection(ExtensibilityGlobals) = postSolution
		SolutionGuid = {6662D7ED-3E6C-4F17-B584-F0F90D1D3825}
	EndGlobalSection
EndGlobal
